
Microsoft Visual Studio Solution File, Format Version 12.00
# Visual Studio Version 17
VisualStudioVersion = 17.14.36414.22 d17.14
MinimumVisualStudioVersion = 10.0.40219.1
Project("{FAE04EC0-301F-11D3-BF4B-00C04F79EFBC}") = "WeatherApp", "OpenWeather\WeatherApp.csproj", "{8CBF53A7-9711-467C-86E3-2B7080748D69}"
EndProject
Global
	GlobalSection(SolutionConfigurationPlatforms) = preSolution
		Debug|Any CPU = Debug|Any CPU
		Release|Any CPU = Release|Any CPU
	EndGlobalSection
	GlobalSection(ProjectConfigurationPlatforms) = postSolution
		{8CBF53A7-9711-467C-86E3-2B7080748D69}.Debug|Any CPU.ActiveCfg = Debug|Any CPU
		{8CBF53A7-9711-467C-86E3-2B7080748D69}.Debug|Any CPU.Build.0 = Debug|Any CPU
		{8CBF53A7-9711-467C-86E3-2B7080748D69}.Debug|Any CPU.Deploy.0 = Debug|Any CPU
		{8CBF53A7-9711-467C-86E3-2B7080748D69}.Release|Any CPU.ActiveCfg = Release|Any CPU
		{8CBF53A7-9711-467C-86E3-2B7080748D69}.Release|Any CPU.Build.0 = Release|Any CPU
	EndGlobalSection
	GlobalSection(SolutionProperties) = preSolution
		HideSolutionNode = FALSE
	EndGlobalSection
	GlobalSection(ExtensibilityGlobals) = postSolution
		SolutionGuid = {7B8E003B-983E-46C5-AC2B-E3C696F36C4C}
	EndGlobalSection
EndGlobal
